{
  "name": "cordova-plugin-speechrecognition",
  "version": "1.2.0",
  "lockfileVersion": 3,
  "requires": true,
  "packages": {
    "": {
      "name": "cordova-plugin-speechrecognition",
      "version": "1.2.0",
      "engines": [
        {
          "name": "cordova",
          "version": ">=3.0.0"
        }
      ],
      "license": "MIT",
      "dependencies": {
        "cordova-plugin-speechrecognition": "file:"
      }
    },
    "node_modules/cordova-plugin-speechrecognition": {
      "resolved": "",
      "link": true
    }
  }
}
