{
  "name": "cordova-plugin-tts",
  "version": "0.2.3",
  "lockfileVersion": 3,
  "requires": true,
  "packages": {
    "": {
      "name": "cordova-plugin-tts",
      "version": "0.2.3",
      "license": "MIT",
      "dependencies": {
        "cordova-plugin-tts": "file:"
      }
    },
    "node_modules/cordova-plugin-tts": {
      "resolved": "",
      "link": true
    }
  }
}
